
Microsoft Visual Studio Solution File, Format Version 12.00
# Visual Studio Version 17
VisualStudioVersion = 17.14.36310.24 d17.14
MinimumVisualStudioVersion = 10.0.40219.1
Project("{FAE04EC0-301F-11D3-BF4B-00C04F79EFBC}") = "practicing-software-dev", "practicing-software-dev\practicing-software-dev.csproj", "{80CE8B3A-4665-46EC-9AB9-21EF32011BB3}"
EndProject
Global
	GlobalSection(SolutionConfigurationPlatforms) = preSolution
		Debug|Any CPU = Debug|Any CPU
		Release|Any CPU = Release|Any CPU
	EndGlobalSection
	GlobalSection(ProjectConfigurationPlatforms) = postSolution
		{80CE8B3A-4665-46EC-9AB9-21EF32011BB3}.Debug|Any CPU.ActiveCfg = Debug|Any CPU
		{80CE8B3A-4665-46EC-9AB9-21EF32011BB3}.Debug|Any CPU.Build.0 = Debug|Any CPU
		{80CE8B3A-4665-46EC-9AB9-21EF32011BB3}.Release|Any CPU.ActiveCfg = Release|Any CPU
		{80CE8B3A-4665-46EC-9AB9-21EF32011BB3}.Release|Any CPU.Build.0 = Release|Any CPU
	EndGlobalSection
	GlobalSection(SolutionProperties) = preSolution
		HideSolutionNode = FALSE
	EndGlobalSection
	GlobalSection(ExtensibilityGlobals) = postSolution
		SolutionGuid = {F1AEAE57-C64D-4C0F-A74B-EAF22E4D5B1C}
	EndGlobalSection
EndGlobal
